
Microsoft Visual Studio Solution File, Format Version 12.00
# Visual Studio 15
VisualStudioVersion = 15.0.28307.489
MinimumVisualStudioVersion = 10.0.40219.1
Project("{FAE04EC0-301F-11D3-BF4B-00C04F79EFBC}") = "lands.Android", "lands\lands.Android\lands.Android.csproj", "{61F55F1A-F1A0-46A9-B121-86B65F961F62}"
EndProject
Project("{FAE04EC0-301F-11D3-BF4B-00C04F79EFBC}") = "lands", "lands\lands\lands.csproj", "{826FA72D-9912-4964-939D-73FC1861BD3A}"
EndProject
Global
	GlobalSection(SolutionConfigurationPlatforms) = preSolution
		Debug|Any CPU = Debug|Any CPU
		Release|Any CPU = Release|Any CPU
	EndGlobalSection
	GlobalSection(ProjectConfigurationPlatforms) = postSolution
		{61F55F1A-F1A0-46A9-B121-86B65F961F62}.Debug|Any CPU.ActiveCfg = Debug|Any CPU
		{61F55F1A-F1A0-46A9-B121-86B65F961F62}.Debug|Any CPU.Build.0 = Debug|Any CPU
		{61F55F1A-F1A0-46A9-B121-86B65F961F62}.Debug|Any CPU.Deploy.0 = Debug|Any CPU
		{61F55F1A-F1A0-46A9-B121-86B65F961F62}.Release|Any CPU.ActiveCfg = Release|Any CPU
		{61F55F1A-F1A0-46A9-B121-86B65F961F62}.Release|Any CPU.Build.0 = Release|Any CPU
		{61F55F1A-F1A0-46A9-B121-86B65F961F62}.Release|Any CPU.Deploy.0 = Release|Any CPU
		{826FA72D-9912-4964-939D-73FC1861BD3A}.Debug|Any CPU.ActiveCfg = Debug|Any CPU
		{826FA72D-9912-4964-939D-73FC1861BD3A}.Debug|Any CPU.Build.0 = Debug|Any CPU
		{826FA72D-9912-4964-939D-73FC1861BD3A}.Release|Any CPU.ActiveCfg = Release|Any CPU
		{826FA72D-9912-4964-939D-73FC1861BD3A}.Release|Any CPU.Build.0 = Release|Any CPU
	EndGlobalSection
	GlobalSection(SolutionProperties) = preSolution
		HideSolutionNode = FALSE
	EndGlobalSection
	GlobalSection(ExtensibilityGlobals) = postSolution
		SolutionGuid = {E8DF25A5-11F3-45C2-A3C7-4DE16F30D33C}
	EndGlobalSection
EndGlobal
